// !$*UTF8*$!
{
	archiveVersion = 1;
	classes = {
	};
	objectVersion = 46;
	objects = {

/* Begin PBXBuildFile section */
		9330B3501832510700D29891 /* Foundation.framework in Frameworks */ = {isa = PBXBuildFile; fileRef = 9330B34F1832510700D29891 /* Foundation.framework */; };
		9330B3521832510700D29891 /* CoreGraphics.framework in Frameworks */ = {isa = PBXBuildFile; fileRef = 9330B3511832510700D29891 /* CoreGraphics.framework */; };
		9330B3541832510700D29891 /* UIKit.framework in Frameworks */ = {isa = PBXBuildFile; fileRef = 9330B3531832510700D29891 /* UIKit.framework */; };
		9330B35A1832510700D29891 /* InfoPlist.strings in Resources */ = {isa = PBXBuildFile; fileRef = 9330B3581832510700D29891 /* InfoPlist.strings */; };
		9330B35C1832510700D29891 /* main.m in Sources */ = {isa = PBXBuildFile; fileRef = 9330B35B1832510700D29891 /* main.m */; };
		9330B3601832510700D29891 /* AppDelegate.m in Sources */ = {isa = PBXBuildFile; fileRef = 9330B35F1832510700D29891 /* AppDelegate.m */; };
		9330B3631832510700D29891 /* Main.storyboard in Resources */ = {isa = PBXBuildFile; fileRef = 9330B3611832510700D29891 /* Main.storyboard */; };
		9330B3661832510700D29891 /* ViewController.m in Sources */ = {isa = PBXBuildFile; fileRef = 9330B3651832510700D29891 /* ViewController.m */; };
		9330B3681832510700D29891 /* Images.xcassets in Resources */ = {isa = PBXBuildFile; fileRef = 9330B3671832510700D29891 /* Images.xcassets */; };
		9330B36F1832510700D29891 /* XCTest.framework in Frameworks */ = {isa = PBXBuildFile; fileRef = 9330B36E1832510700D29891 /* XCTest.framework */; };
		9330B3701832510700D29891 /* Foundation.framework in Frameworks */ = {isa = PBXBuildFile; fileRef = 9330B34F1832510700D29891 /* Foundation.framework */; };
		9330B3711832510700D29891 /* UIKit.framework in Frameworks */ = {isa = PBXBuildFile; fileRef = 9330B3531832510700D29891 /* UIKit.framework */; };
		9330B3791832510700D29891 /* InfoPlist.strings in Resources */ = {isa = PBXBuildFile; fileRef = 9330B3771832510700D29891 /* InfoPlist.strings */; };
		9330B37B1832510700D29891 /* n2kTests.m in Sources */ = {isa = PBXBuildFile; fileRef = 9330B37A1832510700D29891 /* n2kTests.m */; };
		9330B3861832512A00D29891 /* n2k.m in Sources */ = {isa = PBXBuildFile; fileRef = 9330B3851832512A00D29891 /* n2k.m */; };
/* End PBXBuildFile section */

/* Begin PBXContainerItemProxy section */
		9330B3721832510700D29891 /* PBXContainerItemProxy */ = {
			isa = PBXContainerItemProxy;
			containerPortal = 9330B3441832510700D29891 /* Project object */;
			proxyType = 1;
			remoteGlobalIDString = 9330B34B1832510700D29891;
			remoteInfo = n2k;
		};
/* End PBXContainerItemProxy section */

/* Begin PBXFileReference section */
		9330B34C1832510700D29891 /* n2k.app */ = {isa = PBXFileReference; explicitFileType = wrapper.application; includeInIndex = 0; path = n2k.app; sourceTree = BUILT_PRODUCTS_DIR; };
		9330B34F1832510700D29891 /* Foundation.framework */ = {isa = PBXFileReference; lastKnownFileType = wrapper.framework; name = Foundation.framework; path = System/Library/Frameworks/Foundation.framework; sourceTree = SDKROOT; };
		9330B3511832510700D29891 /* CoreGraphics.framework */ = {isa = PBXFileReference; lastKnownFileType = wrapper.framework; name = CoreGraphics.framework; path = System/Library/Frameworks/CoreGraphics.framework; sourceTree = SDKROOT; };
		9330B3531832510700D29891 /* UIKit.framework */ = {isa = PBXFileReference; lastKnownFileType = wrapper.framework; name = UIKit.framework; path = System/Library/Frameworks/UIKit.framework; sourceTree = SDKROOT; };
		9330B3571832510700D29891 /* n2k-Info.plist */ = {isa = PBXFileReference; lastKnownFileType = text.plist.xml; path = "n2k-Info.plist"; sourceTree = "<group>"; };
		9330B3591832510700D29891 /* en */ = {isa = PBXFileReference; lastKnownFileType = text.plist.strings; name = en; path = en.lproj/InfoPlist.strings; sourceTree = "<group>"; };
		9330B35B1832510700D29891 /* main.m */ = {isa = PBXFileReference; lastKnownFileType = sourcecode.c.objc; path = main.m; sourceTree = "<group>"; };
		9330B35D1832510700D29891 /* n2k-Prefix.pch */ = {isa = PBXFileReference; lastKnownFileType = sourcecode.c.h; path = "n2k-Prefix.pch"; sourceTree = "<group>"; };
		9330B35E1832510700D29891 /* AppDelegate.h */ = {isa = PBXFileReference; lastKnownFileType = sourcecode.c.h; path = AppDelegate.h; sourceTree = "<group>"; };
		9330B35F1832510700D29891 /* AppDelegate.m */ = {isa = PBXFileReference; lastKnownFileType = sourcecode.c.objc; path = AppDelegate.m; sourceTree = "<group>"; };
		9330B3621832510700D29891 /* Base */ = {isa = PBXFileReference; lastKnownFileType = file.storyboard; name = Base; path = Base.lproj/Main.storyboard; sourceTree = "<group>"; };
		9330B3641832510700D29891 /* ViewController.h */ = {isa = PBXFileReference; lastKnownFileType = sourcecode.c.h; path = ViewController.h; sourceTree = "<group>"; };
		9330B3651832510700D29891 /* ViewController.m */ = {isa = PBXFileReference; lastKnownFileType = sourcecode.c.objc; path = ViewController.m; sourceTree = "<group>"; };
		9330B3671832510700D29891 /* Images.xcassets */ = {isa = PBXFileReference; lastKnownFileType = folder.assetcatalog; path = Images.xcassets; sourceTree = "<group>"; };
		9330B36D1832510700D29891 /* n2kTests.xctest */ = {isa = PBXFileReference; explicitFileType = wrapper.cfbundle; includeInIndex = 0; path = n2kTests.xctest; sourceTree = BUILT_PRODUCTS_DIR; };
		9330B36E1832510700D29891 /* XCTest.framework */ = {isa = PBXFileReference; lastKnownFileType = wrapper.framework; name = XCTest.framework; path = Library/Frameworks/XCTest.framework; sourceTree = DEVELOPER_DIR; };
		9330B3761832510700D29891 /* n2kTests-Info.plist */ = {isa = PBXFileReference; lastKnownFileType = text.plist.xml; path = "n2kTests-Info.plist"; sourceTree = "<group>"; };
		9330B3781832510700D29891 /* en */ = {isa = PBXFileReference; lastKnownFileType = text.plist.strings; name = en; path = en.lproj/InfoPlist.strings; sourceTree = "<group>"; };
		9330B37A1832510700D29891 /* n2kTests.m */ = {isa = PBXFileReference; lastKnownFileType = sourcecode.c.objc; path = n2kTests.m; sourceTree = "<group>"; };
		9330B3841832512A00D29891 /* n2k.h */ = {isa = PBXFileReference; fileEncoding = 4; lastKnownFileType = sourcecode.c.h; path = n2k.h; sourceTree = "<group>"; };
		9330B3851832512A00D29891 /* n2k.m */ = {isa = PBXFileReference; fileEncoding = 4; lastKnownFileType = sourcecode.c.objc; path = n2k.m; sourceTree = "<group>"; };
/* End PBXFileReference section */

/* Begin PBXFrameworksBuildPhase section */
		9330B3491832510700D29891 /* Frameworks */ = {
			isa = PBXFrameworksBuildPhase;
			buildActionMask = 2147483647;
			files = (
				9330B3521832510700D29891 /* CoreGraphics.framework in Frameworks */,
				9330B3541832510700D29891 /* UIKit.framework in Frameworks */,
				9330B3501832510700D29891 /* Foundation.framework in Frameworks */,
			);
			runOnlyForDeploymentPostprocessing = 0;
		};
		9330B36A1832510700D29891 /* Frameworks */ = {
			isa = PBXFrameworksBuildPhase;
			buildActionMask = 2147483647;
			files = (
				9330B36F1832510700D29891 /* XCTest.framework in Frameworks */,
				9330B3711832510700D29891 /* UIKit.framework in Frameworks */,
				9330B3701832510700D29891 /* Foundation.framework in Frameworks */,
			);
			runOnlyForDeploymentPostprocessing = 0;
		};
/* End PBXFrameworksBuildPhase section */

/* Begin PBXGroup section */
		9330B3431832510700D29891 = {
			isa = PBXGroup;
			children = (
				9330B3551832510700D29891 /* n2k */,
				9330B3741832510700D29891 /* n2kTests */,
				9330B34E1832510700D29891 /* Frameworks */,
				9330B34D1832510700D29891 /* Products */,
			);
			sourceTree = "<group>";
		};
		9330B34D1832510700D29891 /* Products */ = {
			isa = PBXGroup;
			children = (
				9330B34C1832510700D29891 /* n2k.app */,
				9330B36D1832510700D29891 /* n2kTests.xctest */,
			);
			name = Products;
			sourceTree = "<group>";
		};
		9330B34E1832510700D29891 /* Frameworks */ = {
			isa = PBXGroup;
			children = (
				9330B34F1832510700D29891 /* Foundation.framework */,
				9330B3511832510700D29891 /* CoreGraphics.framework */,
				9330B3531832510700D29891 /* UIKit.framework */,
				9330B36E1832510700D29891 /* XCTest.framework */,
			);
			name = Frameworks;
			sourceTree = "<group>";
		};
		9330B3551832510700D29891 /* n2k */ = {
			isa = PBXGroup;
			children = (
				9330B35E1832510700D29891 /* AppDelegate.h */,
				9330B35F1832510700D29891 /* AppDelegate.m */,
				9330B3611832510700D29891 /* Main.storyboard */,
				9330B3641832510700D29891 /* ViewController.h */,
				9330B3651832510700D29891 /* ViewController.m */,
				9330B3671832510700D29891 /* Images.xcassets */,
				9330B3561832510700D29891 /* Supporting Files */,
				9330B3841832512A00D29891 /* n2k.h */,
				9330B3851832512A00D29891 /* n2k.m */,
			);
			path = n2k;
			sourceTree = "<group>";
		};
		9330B3561832510700D29891 /* Supporting Files */ = {
			isa = PBXGroup;
			children = (
				9330B3571832510700D29891 /* n2k-Info.plist */,
				9330B3581832510700D29891 /* InfoPlist.strings */,
				9330B35B1832510700D29891 /* main.m */,
				9330B35D1832510700D29891 /* n2k-Prefix.pch */,
			);
			name = "Supporting Files";
			sourceTree = "<group>";
		};
		9330B3741832510700D29891 /* n2kTests */ = {
			isa = PBXGroup;
			children = (
				9330B37A1832510700D29891 /* n2kTests.m */,
				9330B3751832510700D29891 /* Supporting Files */,
			);
			path = n2kTests;
			sourceTree = "<group>";
		};
		9330B3751832510700D29891 /* Supporting Files */ = {
			isa = PBXGroup;
			children = (
				9330B3761832510700D29891 /* n2kTests-Info.plist */,
				9330B3771832510700D29891 /* InfoPlist.strings */,
			);
			name = "Supporting Files";
			sourceTree = "<group>";
		};
/* End PBXGroup section */

/* Begin PBXNativeTarget section */
		9330B34B1832510700D29891 /* n2k */ = {
			isa = PBXNativeTarget;
			buildConfigurationList = 9330B37E1832510700D29891 /* Build configuration list for PBXNativeTarget "n2k" */;
			buildPhases = (
				9330B3481832510700D29891 /* Sources */,
				9330B3491832510700D29891 /* Frameworks */,
				9330B34A1832510700D29891 /* Resources */,
			);
			buildRules = (
			);
			dependencies = (
			);
			name = n2k;
			productName = n2k;
			productReference = 9330B34C1832510700D29891 /* n2k.app */;
			productType = "com.apple.product-type.application";
		};
		9330B36C1832510700D29891 /* n2kTests */ = {
			isa = PBXNativeTarget;
			buildConfigurationList = 9330B3811832510700D29891 /* Build configuration list for PBXNativeTarget "n2kTests" */;
			buildPhases = (
				9330B3691832510700D29891 /* Sources */,
				9330B36A1832510700D29891 /* Frameworks */,
				9330B36B1832510700D29891 /* Resources */,
			);
			buildRules = (
			);
			dependencies = (
				9330B3731832510700D29891 /* PBXTargetDependency */,
			);
			name = n2kTests;
			productName = n2kTests;
			productReference = 9330B36D1832510700D29891 /* n2kTests.xctest */;
			productType = "com.apple.product-type.bundle.unit-test";
		};
/* End PBXNativeTarget section */

/* Begin PBXProject section */
		9330B3441832510700D29891 /* Project object */ = {
			isa = PBXProject;
			attributes = {
				LastUpgradeCheck = 0500;
				ORGANIZATIONNAME = "Naoto Yoshioka";
				TargetAttributes = {
					9330B36C1832510700D29891 = {
						TestTargetID = 9330B34B1832510700D29891;
					};
				};
			};
			buildConfigurationList = 9330B3471832510700D29891 /* Build configuration list for PBXProject "n2k" */;
			compatibilityVersion = "Xcode 3.2";
			developmentRegion = English;
			hasScannedForEncodings = 0;
			knownRegions = (
				en,
				Base,
			);
			mainGroup = 9330B3431832510700D29891;
			productRefGroup = 9330B34D1832510700D29891 /* Products */;
			projectDirPath = "";
			projectRoot = "";
			targets = (
				9330B34B1832510700D29891 /* n2k */,
				9330B36C1832510700D29891 /* n2kTests */,
			);
		};
/* End PBXProject section */

/* Begin PBXResourcesBuildPhase section */
		9330B34A1832510700D29891 /* Resources */ = {
			isa = PBXResourcesBuildPhase;
			buildActionMask = 2147483647;
			files = (
				9330B3681832510700D29891 /* Images.xcassets in Resources */,
				9330B35A1832510700D29891 /* InfoPlist.strings in Resources */,
				9330B3631832510700D29891 /* Main.storyboard in Resources */,
			);
			runOnlyForDeploymentPostprocessing = 0;
		};
		9330B36B1832510700D29891 /* Resources */ = {
			isa = PBXResourcesBuildPhase;
			buildActionMask = 2147483647;
			files = (
				9330B3791832510700D29891 /* InfoPlist.strings in Resources */,
			);
			runOnlyForDeploymentPostprocessing = 0;
		};
/* End PBXResourcesBuildPhase section */

/* Begin PBXSourcesBuildPhase section */
		9330B3481832510700D29891 /* Sources */ = {
			isa = PBXSourcesBuildPhase;
			buildActionMask = 2147483647;
			files = (
				9330B3661832510700D29891 /* ViewController.m in Sources */,
				9330B3601832510700D29891 /* AppDelegate.m in Sources */,
				9330B35C1832510700D29891 /* main.m in Sources */,
				9330B3861832512A00D29891 /* n2k.m in Sources */,
			);
			runOnlyForDeploymentPostprocessing = 0;
		};
		9330B3691832510700D29891 /* Sources */ = {
			isa = PBXSourcesBuildPhase;
			buildActionMask = 2147483647;
			files = (
				9330B37B1832510700D29891 /* n2kTests.m in Sources */,
			);
			runOnlyForDeploymentPostprocessing = 0;
		};
/* End PBXSourcesBuildPhase section */

/* Begin PBXTargetDependency section */
		9330B3731832510700D29891 /* PBXTargetDependency */ = {
			isa = PBXTargetDependency;
			target = 9330B34B1832510700D29891 /* n2k */;
			targetProxy = 9330B3721832510700D29891 /* PBXContainerItemProxy */;
		};
/* End PBXTargetDependency section */

/* Begin PBXVariantGroup section */
		9330B3581832510700D29891 /* InfoPlist.strings */ = {
			isa = PBXVariantGroup;
			children = (
				9330B3591832510700D29891 /* en */,
			);
			name = InfoPlist.strings;
			sourceTree = "<group>";
		};
		9330B3611832510700D29891 /* Main.storyboard */ = {
			isa = PBXVariantGroup;
			children = (
				9330B3621832510700D29891 /* Base */,
			);
			name = Main.storyboard;
			sourceTree = "<group>";
		};
		9330B3771832510700D29891 /* InfoPlist.strings */ = {
			isa = PBXVariantGroup;
			children = (
				9330B3781832510700D29891 /* en */,
			);
			name = InfoPlist.strings;
			sourceTree = "<group>";
		};
/* End PBXVariantGroup section */

/* Begin XCBuildConfiguration section */
		9330B37C1832510700D29891 /* Debug */ = {
			isa = XCBuildConfiguration;
			buildSettings = {
				ALWAYS_SEARCH_USER_PATHS = NO;
				ARCHS = "$(ARCHS_STANDARD_INCLUDING_64_BIT)";
				CLANG_CXX_LANGUAGE_STANDARD = "gnu++0x";
				CLANG_CXX_LIBRARY = "libc++";
				CLANG_ENABLE_MODULES = YES;
				CLANG_ENABLE_OBJC_ARC = YES;
				CLANG_WARN_BOOL_CONVERSION = YES;
				CLANG_WARN_CONSTANT_CONVERSION = YES;
				CLANG_WARN_DIRECT_OBJC_ISA_USAGE = YES_ERROR;
				CLANG_WARN_EMPTY_BODY = YES;
				CLANG_WARN_ENUM_CONVERSION = YES;
				CLANG_WARN_INT_CONVERSION = YES;
				CLANG_WARN_OBJC_ROOT_CLASS = YES_ERROR;
				CLANG_WARN__DUPLICATE_METHOD_MATCH = YES;
				"CODE_SIGN_IDENTITY[sdk=iphoneos*]" = "iPhone Developer";
				COPY_PHASE_STRIP = NO;
				GCC_C_LANGUAGE_STANDARD = gnu99;
				GCC_DYNAMIC_NO_PIC = NO;
				GCC_OPTIMIZATION_LEVEL = 0;
				GCC_PREPROCESSOR_DEFINITIONS = (
					"DEBUG=1",
					"$(inherited)",
				);
				GCC_SYMBOLS_PRIVATE_EXTERN = NO;
				GCC_WARN_64_TO_32_BIT_CONVERSION = YES;
				GCC_WARN_ABOUT_RETURN_TYPE = YES_ERROR;
				GCC_WARN_UNDECLARED_SELECTOR = YES;
				GCC_WARN_UNINITIALIZED_AUTOS = YES;
				GCC_WARN_UNUSED_FUNCTION = YES;
				GCC_WARN_UNUSED_VARIABLE = YES;
				IPHONEOS_DEPLOYMENT_TARGET = 7.0;
				ONLY_ACTIVE_ARCH = YES;
				SDKROOT = iphoneos;
			};
			name = Debug;
		};
		9330B37D1832510700D29891 /* Release */ = {
			isa = XCBuildConfiguration;
			buildSettings = {
				ALWAYS_SEARCH_USER_PATHS = NO;
				ARCHS = "$(ARCHS_STANDARD_INCLUDING_64_BIT)";
				CLANG_CXX_LANGUAGE_STANDARD = "gnu++0x";
				CLANG_CXX_LIBRARY = "libc++";
				CLANG_ENABLE_MODULES = YES;
				CLANG_ENABLE_OBJC_ARC = YES;
				CLANG_WARN_BOOL_CONVERSION = YES;
				CLANG_WARN_CONSTANT_CONVERSION = YES;
				CLANG_WARN_DIRECT_OBJC_ISA_USAGE = YES_ERROR;
				CLANG_WARN_EMPTY_BODY = YES;
				CLANG_WARN_ENUM_CONVERSION = YES;
				CLANG_WARN_INT_CONVERSION = YES;
				CLANG_WARN_OBJC_ROOT_CLASS = YES_ERROR;
				CLANG_WARN__DUPLICATE_METHOD_MATCH = YES;
				"CODE_SIGN_IDENTITY[sdk=iphoneos*]" = "iPhone Developer";
				COPY_PHASE_STRIP = YES;
				ENABLE_NS_ASSERTIONS = NO;
				GCC_C_LANGUAGE_STANDARD = gnu99;
				GCC_WARN_64_TO_32_BIT_CONVERSION = YES;
				GCC_WARN_ABOUT_RETURN_TYPE = YES_ERROR;
				GCC_WARN_UNDECLARED_SELECTOR = YES;
				GCC_WARN_UNINITIALIZED_AUTOS = YES;
				GCC_WARN_UNUSED_FUNCTION = YES;
				GCC_WARN_UNUSED_VARIABLE = YES;
				IPHONEOS_DEPLOYMENT_TARGET = 7.0;
				SDKROOT = iphoneos;
				VALIDATE_PRODUCT = YES;
			};
			name = Release;
		};
		9330B37F1832510700D29891 /* Debug */ = {
			isa = XCBuildConfiguration;
			buildSettings = {
				ASSETCATALOG_COMPILER_APPICON_NAME = AppIcon;
				ASSETCATALOG_COMPILER_LAUNCHIMAGE_NAME = LaunchImage;
				GCC_PRECOMPILE_PREFIX_HEADER = YES;
				GCC_PREFIX_HEADER = "n2k/n2k-Prefix.pch";
				INFOPLIST_FILE = "n2k/n2k-Info.plist";
				PRODUCT_NAME = "$(TARGET_NAME)";
				WRAPPER_EXTENSION = app;
			};
			name = Debug;
		};
		9330B3801832510700D29891 /* Release */ = {
			isa = XCBuildConfiguration;
			buildSettings = {
				ASSETCATALOG_COMPILER_APPICON_NAME = AppIcon;
				ASSETCATALOG_COMPILER_LAUNCHIMAGE_NAME = LaunchImage;
				GCC_PRECOMPILE_PREFIX_HEADER = YES;
				GCC_PREFIX_HEADER = "n2k/n2k-Prefix.pch";
				INFOPLIST_FILE = "n2k/n2k-Info.plist";
				PRODUCT_NAME = "$(TARGET_NAME)";
				WRAPPER_EXTENSION = app;
			};
			name = Release;
		};
		9330B3821832510700D29891 /* Debug */ = {
			isa = XCBuildConfiguration;
			buildSettings = {
				ARCHS = "$(ARCHS_STANDARD_INCLUDING_64_BIT)";
				BUNDLE_LOADER = "$(BUILT_PRODUCTS_DIR)/n2k.app/n2k";
				FRAMEWORK_SEARCH_PATHS = (
					"$(SDKROOT)/Developer/Library/Frameworks",
					"$(inherited)",
					"$(DEVELOPER_FRAMEWORKS_DIR)",
				);
				GCC_PRECOMPILE_PREFIX_HEADER = YES;
				GCC_PREFIX_HEADER = "n2k/n2k-Prefix.pch";
				GCC_PREPROCESSOR_DEFINITIONS = (
					"DEBUG=1",
					"$(inherited)",
				);
				INFOPLIST_FILE = "n2kTests/n2kTests-Info.plist";
				PRODUCT_NAME = "$(TARGET_NAME)";
				TEST_HOST = "$(BUNDLE_LOADER)";
				WRAPPER_EXTENSION = xctest;
			};
			name = Debug;
		};
		9330B3831832510700D29891 /* Release */ = {
			isa = XCBuildConfiguration;
			buildSettings = {
				ARCHS = "$(ARCHS_STANDARD_INCLUDING_64_BIT)";
				BUNDLE_LOADER = "$(BUILT_PRODUCTS_DIR)/n2k.app/n2k";
				FRAMEWORK_SEARCH_PATHS = (
					"$(SDKROOT)/Developer/Library/Frameworks",
					"$(inherited)",
					"$(DEVELOPER_FRAMEWORKS_DIR)",
				);
				GCC_PRECOMPILE_PREFIX_HEADER = YES;
				GCC_PREFIX_HEADER = "n2k/n2k-Prefix.pch";
				INFOPLIST_FILE = "n2kTests/n2kTests-Info.plist";
				PRODUCT_NAME = "$(TARGET_NAME)";
				TEST_HOST = "$(BUNDLE_LOADER)";
				WRAPPER_EXTENSION = xctest;
			};
			name = Release;
		};
/* End XCBuildConfiguration section */

/* Begin XCConfigurationList section */
		9330B3471832510700D29891 /* Build configuration list for PBXProject "n2k" */ = {
			isa = XCConfigurationList;
			buildConfigurations = (
				9330B37C1832510700D29891 /* Debug */,
				9330B37D1832510700D29891 /* Release */,
			);
			defaultConfigurationIsVisible = 0;
			defaultConfigurationName = Release;
		};
		9330B37E1832510700D29891 /* Build configuration list for PBXNativeTarget "n2k" */ = {
			isa = XCConfigurationList;
			buildConfigurations = (
				9330B37F1832510700D29891 /* Debug */,
				9330B3801832510700D29891 /* Release */,
			);
			defaultConfigurationIsVisible = 0;
		};
		9330B3811832510700D29891 /* Build configuration list for PBXNativeTarget "n2kTests" */ = {
			isa = XCConfigurationList;
			buildConfigurations = (
				9330B3821832510700D29891 /* Debug */,
				9330B3831832510700D29891 /* Release */,
			);
			defaultConfigurationIsVisible = 0;
		};
/* End XCConfigurationList section */
	};
	rootObject = 9330B3441832510700D29891 /* Project object */;
}
